
Microsoft Visual Studio Solution File, Format Version 12.00
# Visual Studio Version 16
VisualStudioVersion = 16.0.30611.23
MinimumVisualStudioVersion = 10.0.40219.1
Project("{FAE04EC0-301F-11D3-BF4B-00C04F79EFBC}") = "MyWeb", "MyWeb\MyWeb.csproj", "{AB7BF627-DB3C-4E9C-A8D0-0D158C64FCC2}"
EndProject
Project("{FAE04EC0-301F-11D3-BF4B-00C04F79EFBC}") = "MyWeb.Tests", "MyWeb.Tests\MyWeb.Tests.csproj", "{222FA7F2-0AD1-40E8-B7B5-B6670D16768A}"
EndProject
Project("{FAE04EC0-301F-11D3-BF4B-00C04F79EFBC}") = "MyWeb.Common", "MyWeb.Common\MyWeb.Common.csproj", "{2A54A5B6-6C7B-4822-A054-17F8E87B17B2}"
EndProject
Project("{FAE04EC0-301F-11D3-BF4B-00C04F79EFBC}") = "MyWeb.Dao", "MyWeb.Dao\MyWeb.Dao.csproj", "{AB485F68-F43F-4F4F-B6C8-F708F0F75199}"
EndProject
Project("{FAE04EC0-301F-11D3-BF4B-00C04F79EFBC}") = "MyWeb.Entities", "MyWeb.Entities\MyWeb.Entities.csproj", "{BB599431-2064-4455-9537-F3B863230FEB}"
EndProject
Project("{FAE04EC0-301F-11D3-BF4B-00C04F79EFBC}") = "MyWeb.Models", "MyWeb.Models\MyWeb.Models.csproj", "{89142325-8C63-4DA5-940D-F60FE64C5C84}"
EndProject
Project("{FAE04EC0-301F-11D3-BF4B-00C04F79EFBC}") = "MyWeb.Service", "MyWeb.Service\MyWeb.Service.csproj", "{23448689-BD84-4ED7-AEFD-EEC91908A5A6}"
EndProject
Project("{FAE04EC0-301F-11D3-BF4B-00C04F79EFBC}") = "MyWeb.Resource", "MyWeb.Resource\MyWeb.Resource.csproj", "{6FD628C3-DD4F-4E52-8CB4-2CCC2863D1CB}"
EndProject
Global
	GlobalSection(SolutionConfigurationPlatforms) = preSolution
		Debug|Any CPU = Debug|Any CPU
		Release|Any CPU = Release|Any CPU
	EndGlobalSection
	GlobalSection(ProjectConfigurationPlatforms) = postSolution
		{AB7BF627-DB3C-4E9C-A8D0-0D158C64FCC2}.Debug|Any CPU.ActiveCfg = Debug|Any CPU
		{AB7BF627-DB3C-4E9C-A8D0-0D158C64FCC2}.Debug|Any CPU.Build.0 = Debug|Any CPU
		{AB7BF627-DB3C-4E9C-A8D0-0D158C64FCC2}.Release|Any CPU.ActiveCfg = Release|Any CPU
		{AB7BF627-DB3C-4E9C-A8D0-0D158C64FCC2}.Release|Any CPU.Build.0 = Release|Any CPU
		{222FA7F2-0AD1-40E8-B7B5-B6670D16768A}.Debug|Any CPU.ActiveCfg = Debug|Any CPU
		{222FA7F2-0AD1-40E8-B7B5-B6670D16768A}.Debug|Any CPU.Build.0 = Debug|Any CPU
		{222FA7F2-0AD1-40E8-B7B5-B6670D16768A}.Release|Any CPU.ActiveCfg = Release|Any CPU
		{222FA7F2-0AD1-40E8-B7B5-B6670D16768A}.Release|Any CPU.Build.0 = Release|Any CPU
		{2A54A5B6-6C7B-4822-A054-17F8E87B17B2}.Debug|Any CPU.ActiveCfg = Debug|Any CPU
		{2A54A5B6-6C7B-4822-A054-17F8E87B17B2}.Debug|Any CPU.Build.0 = Debug|Any CPU
		{2A54A5B6-6C7B-4822-A054-17F8E87B17B2}.Release|Any CPU.ActiveCfg = Release|Any CPU
		{2A54A5B6-6C7B-4822-A054-17F8E87B17B2}.Release|Any CPU.Build.0 = Release|Any CPU
		{AB485F68-F43F-4F4F-B6C8-F708F0F75199}.Debug|Any CPU.ActiveCfg = Debug|Any CPU
		{AB485F68-F43F-4F4F-B6C8-F708F0F75199}.Debug|Any CPU.Build.0 = Debug|Any CPU
		{AB485F68-F43F-4F4F-B6C8-F708F0F75199}.Release|Any CPU.ActiveCfg = Release|Any CPU
		{AB485F68-F43F-4F4F-B6C8-F708F0F75199}.Release|Any CPU.Build.0 = Release|Any CPU
		{BB599431-2064-4455-9537-F3B863230FEB}.Debug|Any CPU.ActiveCfg = Debug|Any CPU
		{BB599431-2064-4455-9537-F3B863230FEB}.Debug|Any CPU.Build.0 = Debug|Any CPU
		{BB599431-2064-4455-9537-F3B863230FEB}.Release|Any CPU.ActiveCfg = Release|Any CPU
		{BB599431-2064-4455-9537-F3B863230FEB}.Release|Any CPU.Build.0 = Release|Any CPU
		{89142325-8C63-4DA5-940D-F60FE64C5C84}.Debug|Any CPU.ActiveCfg = Debug|Any CPU
		{89142325-8C63-4DA5-940D-F60FE64C5C84}.Debug|Any CPU.Build.0 = Debug|Any CPU
		{89142325-8C63-4DA5-940D-F60FE64C5C84}.Release|Any CPU.ActiveCfg = Release|Any CPU
		{89142325-8C63-4DA5-940D-F60FE64C5C84}.Release|Any CPU.Build.0 = Release|Any CPU
		{23448689-BD84-4ED7-AEFD-EEC91908A5A6}.Debug|Any CPU.ActiveCfg = Debug|Any CPU
		{23448689-BD84-4ED7-AEFD-EEC91908A5A6}.Debug|Any CPU.Build.0 = Debug|Any CPU
		{23448689-BD84-4ED7-AEFD-EEC91908A5A6}.Release|Any CPU.ActiveCfg = Release|Any CPU
		{23448689-BD84-4ED7-AEFD-EEC91908A5A6}.Release|Any CPU.Build.0 = Release|Any CPU
		{6FD628C3-DD4F-4E52-8CB4-2CCC2863D1CB}.Debug|Any CPU.ActiveCfg = Debug|Any CPU
		{6FD628C3-DD4F-4E52-8CB4-2CCC2863D1CB}.Debug|Any CPU.Build.0 = Debug|Any CPU
		{6FD628C3-DD4F-4E52-8CB4-2CCC2863D1CB}.Release|Any CPU.ActiveCfg = Release|Any CPU
		{6FD628C3-DD4F-4E52-8CB4-2CCC2863D1CB}.Release|Any CPU.Build.0 = Release|Any CPU
	EndGlobalSection
	GlobalSection(SolutionProperties) = preSolution
		HideSolutionNode = FALSE
	EndGlobalSection
	GlobalSection(ExtensibilityGlobals) = postSolution
		SolutionGuid = {5CA39192-2385-4CB7-8A4D-1087C914F3CF}
	EndGlobalSection
EndGlobal
